# THIS IS AN AUTOGENERATED FILE. DO NOT EDIT THIS FILE DIRECTLY.
# yarn lockfile v1


primer-alerts@1.5.8:
  version "1.5.8"
  resolved "https://registry.yarnpkg.com/primer-alerts/-/primer-alerts-1.5.8.tgz#266eb043c9452d50b217d385285752e5b8247c46"
  dependencies:
    primer-support "4.5.5"

primer-avatars@1.5.5:
  version "1.5.5"
  resolved "https://registry.yarnpkg.com/primer-avatars/-/primer-avatars-1.5.5.tgz#d724d3b52724ec29647eb83d43aeeb2ef6cf5adb"
  dependencies:
    primer-support "4.5.5"

primer-base@1.7.3:
  version "1.7.3"
  resolved "https://registry.yarnpkg.com/primer-base/-/primer-base-1.7.3.tgz#f922f7040fdf62f38f12a99e5d95b522a85e72fc"
  dependencies:
    primer-support "4.5.5"

primer-blankslate@1.4.8:
  version "1.4.8"
  resolved "https://registry.yarnpkg.com/primer-blankslate/-/primer-blankslate-1.4.8.tgz#f904589ac931cba6353d591f1912815768fa1109"
  dependencies:
    primer-support "4.5.5"

primer-box@2.5.8:
  version "2.5.8"
  resolved "https://registry.yarnpkg.com/primer-box/-/primer-box-2.5.8.tgz#b3faaf666e2fbff72029de9a853737371ddd5c7f"
  dependencies:
    primer-support "4.5.5"

primer-branch-name@1.0.6:
  version "1.0.6"
  resolved "https://registry.yarnpkg.com/primer-branch-name/-/primer-branch-name-1.0.6.tgz#ca932cc091224f269df331718c48a1d17f96312c"
  dependencies:
    primer-support "4.5.5"

primer-breadcrumb@1.5.4:
  version "1.5.4"
  resolved "https://registry.yarnpkg.com/primer-breadcrumb/-/primer-breadcrumb-1.5.4.tgz#4198225f4f8e7469251ec7216ba1cb20a1f44a4e"
  dependencies:
    primer-support "4.5.5"

primer-buttons@2.5.6:
  version "2.5.6"
  resolved "https://registry.yarnpkg.com/primer-buttons/-/primer-buttons-2.5.6.tgz#927ea73c67faefadecddc19afa726315aba69bc4"
  dependencies:
    primer-support "4.5.5"

primer-core@6.10.2:
  version "6.10.2"
  resolved "https://registry.yarnpkg.com/primer-core/-/primer-core-6.10.2.tgz#ca7bb9210a29c32739814f46f252a2a4aa4c9d2d"
  dependencies:
    primer-base "1.7.3"
    primer-box "2.5.8"
    primer-breadcrumb "1.5.4"
    primer-buttons "2.5.6"
    primer-forms "2.1.3"
    primer-layout "1.4.8"
    primer-navigation "1.5.6"
    primer-pagination "1.0.2"
    primer-support "4.5.5"
    primer-table-object "1.4.8"
    primer-tooltips "1.5.6"
    primer-truncate "1.4.8"
    primer-utilities "4.11.2"

primer-forms@2.1.3:
  version "2.1.3"
  resolved "https://registry.yarnpkg.com/primer-forms/-/primer-forms-2.1.3.tgz#d7a30fa561264a07e44b7fb954b136f8dc66d515"
  dependencies:
    primer-support "4.5.5"

primer-labels@1.5.8:
  version "1.5.8"
  resolved "https://registry.yarnpkg.com/primer-labels/-/primer-labels-1.5.8.tgz#5e133d24d9e806250da28dacaa0e288e3ffcdd8a"
  dependencies:
    primer-support "4.5.5"

primer-layout@1.4.8:
  version "1.4.8"
  resolved "https://registry.yarnpkg.com/primer-layout/-/primer-layout-1.4.8.tgz#26955e749df95eb8a44d5eeb06d52a2cf0ab21b1"
  dependencies:
    primer-support "4.5.5"

primer-markdown@3.7.8:
  version "3.7.8"
  resolved "https://registry.yarnpkg.com/primer-markdown/-/primer-markdown-3.7.8.tgz#a918b53318018aee489b1cf2dd8843cef720eb08"
  dependencies:
    primer-support "4.5.5"

primer-marketing-buttons@1.0.7:
  version "1.0.7"
  resolved "https://registry.yarnpkg.com/primer-marketing-buttons/-/primer-marketing-buttons-1.0.7.tgz#0411f9cc5efeec8e8bdcbd190cbf567789a4ab27"
  dependencies:
    primer-support "4.5.5"

primer-marketing-support@1.5.3:
  version "1.5.3"
  resolved "https://registry.yarnpkg.com/primer-marketing-support/-/primer-marketing-support-1.5.3.tgz#ebce70c7299bd780d243e47cfa2385ccf3189d4d"

primer-marketing-type@1.4.8:
  version "1.4.8"
  resolved "https://registry.yarnpkg.com/primer-marketing-type/-/primer-marketing-type-1.4.8.tgz#06d585ebd2b60db7c99de7bccf2503662ba10da6"
  dependencies:
    primer-marketing-support "1.5.3"
    primer-support "4.5.5"

primer-marketing-utilities@1.6.4:
  version "1.6.4"
  resolved "https://registry.yarnpkg.com/primer-marketing-utilities/-/primer-marketing-utilities-1.6.4.tgz#4dd221e94377968d8aac97b6a1d71aceb3a3aa6e"
  dependencies:
    primer-marketing-support "1.5.3"
    primer-support "4.5.5"

primer-marketing@6.2.3:
  version "6.2.3"
  resolved "https://registry.yarnpkg.com/primer-marketing/-/primer-marketing-6.2.3.tgz#eba98bede3fb6c318702b84c5a0e0ceef6efa5b4"
  dependencies:
    primer-marketing-buttons "1.0.7"
    primer-marketing-support "1.5.3"
    primer-marketing-type "1.4.8"
    primer-marketing-utilities "1.6.4"
    primer-page-headers "1.4.8"
    primer-page-sections "1.4.8"
    primer-support "4.5.5"
    primer-tables "1.4.8"

primer-navigation@1.5.6:
  version "1.5.6"
  resolved "https://registry.yarnpkg.com/primer-navigation/-/primer-navigation-1.5.6.tgz#919dbd9869a520eda6c0a0c6eb2e9091e8d4814e"
  dependencies:
    primer-support "4.5.5"

primer-page-headers@1.4.8:
  version "1.4.8"
  resolved "https://registry.yarnpkg.com/primer-page-headers/-/primer-page-headers-1.4.8.tgz#2ca6ea73088286d8d9cbaf5f4cc7a64076829370"
  dependencies:
    primer-marketing-support "1.5.3"
    primer-support "4.5.5"

primer-page-sections@1.4.8:
  version "1.4.8"
  resolved "https://registry.yarnpkg.com/primer-page-sections/-/primer-page-sections-1.4.8.tgz#c8a9c80fb116cf5a0f13b9973ca54dcefd71743b"
  dependencies:
    primer-marketing-support "1.5.3"
    primer-support "4.5.5"

primer-pagination@1.0.2:
  version "1.0.2"
  resolved "https://registry.yarnpkg.com/primer-pagination/-/primer-pagination-1.0.2.tgz#5e16d0df9e4af43a618e4beccacfbd90a0a48efc"
  dependencies:
    primer-support "4.5.5"

primer-popover@0.1.2:
  version "0.1.2"
  resolved "https://registry.yarnpkg.com/primer-popover/-/primer-popover-0.1.2.tgz#95d8cc906017a09955a55893a3ef98ec0313f074"
  dependencies:
    primer-support "4.5.5"

primer-product@5.6.5:
  version "5.6.5"
  resolved "https://registry.yarnpkg.com/primer-product/-/primer-product-5.6.5.tgz#614774f120f84be709361f2853f52262374d6a95"
  dependencies:
    primer-alerts "1.5.8"
    primer-avatars "1.5.5"
    primer-blankslate "1.4.8"
    primer-branch-name "1.0.6"
    primer-labels "1.5.8"
    primer-markdown "3.7.8"
    primer-popover "0.1.2"
    primer-subhead "1.0.6"
    primer-support "4.5.5"

primer-subhead@1.0.6:
  version "1.0.6"
  resolved "https://registry.yarnpkg.com/primer-subhead/-/primer-subhead-1.0.6.tgz#1421aaa3ef9c55e443c4bcfac3c91ad74ea31318"
  dependencies:
    primer-support "4.5.5"

primer-support@4.5.5:
  version "4.5.5"
  resolved "https://registry.yarnpkg.com/primer-support/-/primer-support-4.5.5.tgz#60d292e10937d44de7f3f1582256fb6ce60ae780"

primer-table-object@1.4.8:
  version "1.4.8"
  resolved "https://registry.yarnpkg.com/primer-table-object/-/primer-table-object-1.4.8.tgz#bf81b05875d4284a704c2d41e4f2da0e2f62b97d"
  dependencies:
    primer-support "4.5.5"

primer-tables@1.4.8:
  version "1.4.8"
  resolved "https://registry.yarnpkg.com/primer-tables/-/primer-tables-1.4.8.tgz#f790d08e11534a30981a6e56c688caaa3d21ba76"
  dependencies:
    primer-marketing-support "1.5.3"
    primer-support "4.5.5"

primer-tooltips@1.5.6:
  version "1.5.6"
  resolved "https://registry.yarnpkg.com/primer-tooltips/-/primer-tooltips-1.5.6.tgz#8dcf823490278872b717e418734305e699b00d40"
  dependencies:
    primer-support "4.5.5"

primer-truncate@1.4.8:
  version "1.4.8"
  resolved "https://registry.yarnpkg.com/primer-truncate/-/primer-truncate-1.4.8.tgz#d97d5c6cc7a2625b66ab441104868ff483d2494e"
  dependencies:
    primer-support "4.5.5"

primer-utilities@4.11.2:
  version "4.11.2"
  resolved "https://registry.yarnpkg.com/primer-utilities/-/primer-utilities-4.11.2.tgz#20ea64453b751446a38ab019b6346e0982795d54"
  dependencies:
    primer-support "4.5.5"

primer@^10.7.0:
  version "10.7.0"
  resolved "https://registry.yarnpkg.com/primer/-/primer-10.7.0.tgz#3001c3faf2abeccd6ce37a2cc9920b027aae16a4"
  dependencies:
    primer-alerts "1.5.8"
    primer-avatars "1.5.5"
    primer-base "1.7.3"
    primer-blankslate "1.4.8"
    primer-box "2.5.8"
    primer-branch-name "1.0.6"
    primer-breadcrumb "1.5.4"
    primer-buttons "2.5.6"
    primer-core "6.10.2"
    primer-forms "2.1.3"
    primer-labels "1.5.8"
    primer-layout "1.4.8"
    primer-markdown "3.7.8"
    primer-marketing "6.2.3"
    primer-marketing-buttons "1.0.7"
    primer-marketing-support "1.5.3"
    primer-marketing-type "1.4.8"
    primer-marketing-utilities "1.6.4"
    primer-navigation "1.5.6"
    primer-page-headers "1.4.8"
    primer-page-sections "1.4.8"
    primer-pagination "1.0.2"
    primer-popover "0.1.2"
    primer-product "5.6.5"
    primer-subhead "1.0.6"
    primer-support "4.5.5"
    primer-table-object "1.4.8"
    primer-tables "1.4.8"
    primer-tooltips "1.5.6"
    primer-truncate "1.4.8"
    primer-utilities "4.11.2"
